
Microsoft Visual Studio Solution File, Format Version 12.00
# Visual Studio Version 17
VisualStudioVersion = 17.2.32526.322
MinimumVisualStudioVersion = 10.0.40219.1
Project("{FAE04EC0-301F-11D3-BF4B-00C04F79EFBC}") = "tolkien.chat.api", "api\tolkien.chat.api\tolkien.chat.api.csproj", "{D3D881DD-90CD-4A3F-A7F1-57791B3097A7}"
EndProject
Global
	GlobalSection(SolutionConfigurationPlatforms) = preSolution
		Debug|Any CPU = Debug|Any CPU
		Release|Any CPU = Release|Any CPU
	EndGlobalSection
	GlobalSection(ProjectConfigurationPlatforms) = postSolution
		{D3D881DD-90CD-4A3F-A7F1-57791B3097A7}.Debug|Any CPU.ActiveCfg = Debug|Any CPU
		{D3D881DD-90CD-4A3F-A7F1-57791B3097A7}.Debug|Any CPU.Build.0 = Debug|Any CPU
		{D3D881DD-90CD-4A3F-A7F1-57791B3097A7}.Release|Any CPU.ActiveCfg = Release|Any CPU
		{D3D881DD-90CD-4A3F-A7F1-57791B3097A7}.Release|Any CPU.Build.0 = Release|Any CPU
	EndGlobalSection
	GlobalSection(SolutionProperties) = preSolution
		HideSolutionNode = FALSE
	EndGlobalSection
	GlobalSection(ExtensibilityGlobals) = postSolution
		SolutionGuid = {EE571778-8F62-4A87-AC43-0FBAC40F7DF4}
	EndGlobalSection
EndGlobal
